{
  "name": "cdx-manager",
  "version": "0.20.4",
  "lockfileVersion": 3,
  "requires": true,
  "packages": {
    "": {
      "name": "cdx-manager",
      "version": "0.20.4",
      "license": "MIT",
      "bin": {
        "cdx": "bin/cdx.js"
      },
      "engines": {
        "node": ">=18"
      }
    }
  }
}
